// !$*UTF8*$!
{
	archiveVersion = 1;
	classes = {
	};
	objectVersion = 46;
	objects = {

/* Begin PBXBuildFile section */
		029F1B7D19D687450016FFB9 /* AppDelegate.swift in Sources */ = {isa = PBXBuildFile; fileRef = 029F1B7C19D687450016FFB9 /* AppDelegate.swift */; };
		029F1B7F19D687450016FFB9 /* ViewController.swift in Sources */ = {isa = PBXBuildFile; fileRef = 029F1B7E19D687450016FFB9 /* ViewController.swift */; };
		029F1B8219D687450016FFB9 /* Main.storyboard in Resources */ = {isa = PBXBuildFile; fileRef = 029F1B8019D687450016FFB9 /* Main.storyboard */; };
		029F1B8419D687450016FFB9 /* Images.xcassets in Resources */ = {isa = PBXBuildFile; fileRef = 029F1B8319D687450016FFB9 /* Images.xcassets */; };
		029F1B8719D687450016FFB9 /* LaunchScreen.xib in Resources */ = {isa = PBXBuildFile; fileRef = 029F1B8519D687450016FFB9 /* LaunchScreen.xib */; };
		029F1B9319D687450016FFB9 /* SlideToCountTests.swift in Sources */ = {isa = PBXBuildFile; fileRef = 029F1B9219D687450016FFB9 /* SlideToCountTests.swift */; };
/* End PBXBuildFile section */

/* Begin PBXContainerItemProxy section */
		029F1B8D19D687450016FFB9 /* PBXContainerItemProxy */ = {
			isa = PBXContainerItemProxy;
			containerPortal = 029F1B6F19D687450016FFB9 /* Project object */;
			proxyType = 1;
			remoteGlobalIDString = 029F1B7619D687450016FFB9;
			remoteInfo = SlideToCount;
		};
/* End PBXContainerItemProxy section */

/* Begin PBXFileReference section */
		029F1B7719D687450016FFB9 /* SlideToCount.app */ = {isa = PBXFileReference; explicitFileType = wrapper.application; includeInIndex = 0; path = SlideToCount.app; sourceTree = BUILT_PRODUCTS_DIR; };
		029F1B7B19D687450016FFB9 /* Info.plist */ = {isa = PBXFileReference; lastKnownFileType = text.plist.xml; path = Info.plist; sourceTree = "<group>"; };
		029F1B7C19D687450016FFB9 /* AppDelegate.swift */ = {isa = PBXFileReference; lastKnownFileType = sourcecode.swift; path = AppDelegate.swift; sourceTree = "<group>"; };
		029F1B7E19D687450016FFB9 /* ViewController.swift */ = {isa = PBXFileReference; lastKnownFileType = sourcecode.swift; path = ViewController.swift; sourceTree = "<group>"; };
		029F1B8119D687450016FFB9 /* Base */ = {isa = PBXFileReference; lastKnownFileType = file.storyboard; name = Base; path = Base.lproj/Main.storyboard; sourceTree = "<group>"; };
		029F1B8319D687450016FFB9 /* Images.xcassets */ = {isa = PBXFileReference; lastKnownFileType = folder.assetcatalog; path = Images.xcassets; sourceTree = "<group>"; };
		029F1B8619D687450016FFB9 /* Base */ = {isa = PBXFileReference; lastKnownFileType = file.xib; name = Base; path = Base.lproj/LaunchScreen.xib; sourceTree = "<group>"; };
		029F1B8C19D687450016FFB9 /* SlideToCountTests.xctest */ = {isa = PBXFileReference; explicitFileType = wrapper.cfbundle; includeInIndex = 0; path = SlideToCountTests.xctest; sourceTree = BUILT_PRODUCTS_DIR; };
		029F1B9119D687450016FFB9 /* Info.plist */ = {isa = PBXFileReference; lastKnownFileType = text.plist.xml; path = Info.plist; sourceTree = "<group>"; };
		029F1B9219D687450016FFB9 /* SlideToCountTests.swift */ = {isa = PBXFileReference; lastKnownFileType = sourcecode.swift; path = SlideToCountTests.swift; sourceTree = "<group>"; };
/* End PBXFileReference section */

/* Begin PBXFrameworksBuildPhase section */
		029F1B7419D687450016FFB9 /* Frameworks */ = {
			isa = PBXFrameworksBuildPhase;
			buildActionMask = 2147483647;
			files = (
			);
			runOnlyForDeploymentPostprocessing = 0;
		};
		029F1B8919D687450016FFB9 /* Frameworks */ = {
			isa = PBXFrameworksBuildPhase;
			buildActionMask = 2147483647;
			files = (
			);
			runOnlyForDeploymentPostprocessing = 0;
		};
/* End PBXFrameworksBuildPhase section */

/* Begin PBXGroup section */
		029F1B6E19D687450016FFB9 = {
			isa = PBXGroup;
			children = (
				029F1B7919D687450016FFB9 /* SlideToCount */,
				029F1B8F19D687450016FFB9 /* SlideToCountTests */,
				029F1B7819D687450016FFB9 /* Products */,
			);
			sourceTree = "<group>";
		};
		029F1B7819D687450016FFB9 /* Products */ = {
			isa = PBXGroup;
			children = (
				029F1B7719D687450016FFB9 /* SlideToCount.app */,
				029F1B8C19D687450016FFB9 /* SlideToCountTests.xctest */,
			);
			name = Products;
			sourceTree = "<group>";
		};
		029F1B7919D687450016FFB9 /* SlideToCount */ = {
			isa = PBXGroup;
			children = (
				029F1B7C19D687450016FFB9 /* AppDelegate.swift */,
				029F1B7E19D687450016FFB9 /* ViewController.swift */,
				029F1B8019D687450016FFB9 /* Main.storyboard */,
				029F1B8319D687450016FFB9 /* Images.xcassets */,
				029F1B8519D687450016FFB9 /* LaunchScreen.xib */,
				029F1B7A19D687450016FFB9 /* Supporting Files */,
			);
			path = SlideToCount;
			sourceTree = "<group>";
		};
		029F1B7A19D687450016FFB9 /* Supporting Files */ = {
			isa = PBXGroup;
			children = (
				029F1B7B19D687450016FFB9 /* Info.plist */,
			);
			name = "Supporting Files";
			sourceTree = "<group>";
		};
		029F1B8F19D687450016FFB9 /* SlideToCountTests */ = {
			isa = PBXGroup;
			children = (
				029F1B9219D687450016FFB9 /* SlideToCountTests.swift */,
				029F1B9019D687450016FFB9 /* Supporting Files */,
			);
			path = SlideToCountTests;
			sourceTree = "<group>";
		};
		029F1B9019D687450016FFB9 /* Supporting Files */ = {
			isa = PBXGroup;
			children = (
				029F1B9119D687450016FFB9 /* Info.plist */,
			);
			name = "Supporting Files";
			sourceTree = "<group>";
		};
/* End PBXGroup section */

/* Begin PBXNativeTarget section */
		029F1B7619D687450016FFB9 /* SlideToCount */ = {
			isa = PBXNativeTarget;
			buildConfigurationList = 029F1B9619D687450016FFB9 /* Build configuration list for PBXNativeTarget "SlideToCount" */;
			buildPhases = (
				029F1B7319D687450016FFB9 /* Sources */,
				029F1B7419D687450016FFB9 /* Frameworks */,
				029F1B7519D687450016FFB9 /* Resources */,
			);
			buildRules = (
			);
			dependencies = (
			);
			name = SlideToCount;
			productName = SlideToCount;
			productReference = 029F1B7719D687450016FFB9 /* SlideToCount.app */;
			productType = "com.apple.product-type.application";
		};
		029F1B8B19D687450016FFB9 /* SlideToCountTests */ = {
			isa = PBXNativeTarget;
			buildConfigurationList = 029F1B9919D687450016FFB9 /* Build configuration list for PBXNativeTarget "SlideToCountTests" */;
			buildPhases = (
				029F1B8819D687450016FFB9 /* Sources */,
				029F1B8919D687450016FFB9 /* Frameworks */,
				029F1B8A19D687450016FFB9 /* Resources */,
			);
			buildRules = (
			);
			dependencies = (
				029F1B8E19D687450016FFB9 /* PBXTargetDependency */,
			);
			name = SlideToCountTests;
			productName = SlideToCountTests;
			productReference = 029F1B8C19D687450016FFB9 /* SlideToCountTests.xctest */;
			productType = "com.apple.product-type.bundle.unit-test";
		};
/* End PBXNativeTarget section */

/* Begin PBXProject section */
		029F1B6F19D687450016FFB9 /* Project object */ = {
			isa = PBXProject;
			attributes = {
				LastUpgradeCheck = 0600;
				ORGANIZATIONNAME = "Jerry Huang";
				TargetAttributes = {
					029F1B7619D687450016FFB9 = {
						CreatedOnToolsVersion = 6.0.1;
						DevelopmentTeam = 4V47ADX37U;
					};
					029F1B8B19D687450016FFB9 = {
						CreatedOnToolsVersion = 6.0.1;
						TestTargetID = 029F1B7619D687450016FFB9;
					};
				};
			};
			buildConfigurationList = 029F1B7219D687450016FFB9 /* Build configuration list for PBXProject "SlideToCount" */;
			compatibilityVersion = "Xcode 3.2";
			developmentRegion = English;
			hasScannedForEncodings = 0;
			knownRegions = (
				en,
				Base,
			);
			mainGroup = 029F1B6E19D687450016FFB9;
			productRefGroup = 029F1B7819D687450016FFB9 /* Products */;
			projectDirPath = "";
			projectRoot = "";
			targets = (
				029F1B7619D687450016FFB9 /* SlideToCount */,
				029F1B8B19D687450016FFB9 /* SlideToCountTests */,
			);
		};
/* End PBXProject section */

/* Begin PBXResourcesBuildPhase section */
		029F1B7519D687450016FFB9 /* Resources */ = {
			isa = PBXResourcesBuildPhase;
			buildActionMask = 2147483647;
			files = (
				029F1B8219D687450016FFB9 /* Main.storyboard in Resources */,
				029F1B8719D687450016FFB9 /* LaunchScreen.xib in Resources */,
				029F1B8419D687450016FFB9 /* Images.xcassets in Resources */,
			);
			runOnlyForDeploymentPostprocessing = 0;
		};
		029F1B8A19D687450016FFB9 /* Resources */ = {
			isa = PBXResourcesBuildPhase;
			buildActionMask = 2147483647;
			files = (
			);
			runOnlyForDeploymentPostprocessing = 0;
		};
/* End PBXResourcesBuildPhase section */

/* Begin PBXSourcesBuildPhase section */
		029F1B7319D687450016FFB9 /* Sources */ = {
			isa = PBXSourcesBuildPhase;
			buildActionMask = 2147483647;
			files = (
				029F1B7F19D687450016FFB9 /* ViewController.swift in Sources */,
				029F1B7D19D687450016FFB9 /* AppDelegate.swift in Sources */,
			);
			runOnlyForDeploymentPostprocessing = 0;
		};
		029F1B8819D687450016FFB9 /* Sources */ = {
			isa = PBXSourcesBuildPhase;
			buildActionMask = 2147483647;
			files = (
				029F1B9319D687450016FFB9 /* SlideToCountTests.swift in Sources */,
			);
			runOnlyForDeploymentPostprocessing = 0;
		};
/* End PBXSourcesBuildPhase section */

/* Begin PBXTargetDependency section */
		029F1B8E19D687450016FFB9 /* PBXTargetDependency */ = {
			isa = PBXTargetDependency;
			target = 029F1B7619D687450016FFB9 /* SlideToCount */;
			targetProxy = 029F1B8D19D687450016FFB9 /* PBXContainerItemProxy */;
		};
/* End PBXTargetDependency section */

/* Begin PBXVariantGroup section */
		029F1B8019D687450016FFB9 /* Main.storyboard */ = {
			isa = PBXVariantGroup;
			children = (
				029F1B8119D687450016FFB9 /* Base */,
			);
			name = Main.storyboard;
			sourceTree = "<group>";
		};
		029F1B8519D687450016FFB9 /* LaunchScreen.xib */ = {
			isa = PBXVariantGroup;
			children = (
				029F1B8619D687450016FFB9 /* Base */,
			);
			name = LaunchScreen.xib;
			sourceTree = "<group>";
		};
/* End PBXVariantGroup section */

/* Begin XCBuildConfiguration section */
		029F1B9419D687450016FFB9 /* Debug */ = {
			isa = XCBuildConfiguration;
			buildSettings = {
				ALWAYS_SEARCH_USER_PATHS = NO;
				CLANG_CXX_LANGUAGE_STANDARD = "gnu++0x";
				CLANG_CXX_LIBRARY = "libc++";
				CLANG_ENABLE_MODULES = YES;
				CLANG_ENABLE_OBJC_ARC = YES;
				CLANG_WARN_BOOL_CONVERSION = YES;
				CLANG_WARN_CONSTANT_CONVERSION = YES;
				CLANG_WARN_DIRECT_OBJC_ISA_USAGE = YES_ERROR;
				CLANG_WARN_EMPTY_BODY = YES;
				CLANG_WARN_ENUM_CONVERSION = YES;
				CLANG_WARN_INT_CONVERSION = YES;
				CLANG_WARN_OBJC_ROOT_CLASS = YES_ERROR;
				CLANG_WARN_UNREACHABLE_CODE = YES;
				CLANG_WARN__DUPLICATE_METHOD_MATCH = YES;
				"CODE_SIGN_IDENTITY[sdk=iphoneos*]" = "iPhone Developer";
				COPY_PHASE_STRIP = NO;
				ENABLE_STRICT_OBJC_MSGSEND = YES;
				GCC_C_LANGUAGE_STANDARD = gnu99;
				GCC_DYNAMIC_NO_PIC = NO;
				GCC_OPTIMIZATION_LEVEL = 0;
				GCC_PREPROCESSOR_DEFINITIONS = (
					"DEBUG=1",
					"$(inherited)",
				);
				GCC_SYMBOLS_PRIVATE_EXTERN = NO;
				GCC_WARN_64_TO_32_BIT_CONVERSION = YES;
				GCC_WARN_ABOUT_RETURN_TYPE = YES_ERROR;
				GCC_WARN_UNDECLARED_SELECTOR = YES;
				GCC_WARN_UNINITIALIZED_AUTOS = YES_AGGRESSIVE;
				GCC_WARN_UNUSED_FUNCTION = YES;
				GCC_WARN_UNUSED_VARIABLE = YES;
				IPHONEOS_DEPLOYMENT_TARGET = 8.0;
				MTL_ENABLE_DEBUG_INFO = YES;
				ONLY_ACTIVE_ARCH = YES;
				SDKROOT = iphoneos;
				SWIFT_OPTIMIZATION_LEVEL = "-Onone";
			};
			name = Debug;
		};
		029F1B9519D687450016FFB9 /* Release */ = {
			isa = XCBuildConfiguration;
			buildSettings = {
				ALWAYS_SEARCH_USER_PATHS = NO;
				CLANG_CXX_LANGUAGE_STANDARD = "gnu++0x";
				CLANG_CXX_LIBRARY = "libc++";
				CLANG_ENABLE_MODULES = YES;
				CLANG_ENABLE_OBJC_ARC = YES;
				CLANG_WARN_BOOL_CONVERSION = YES;
				CLANG_WARN_CONSTANT_CONVERSION = YES;
				CLANG_WARN_DIRECT_OBJC_ISA_USAGE = YES_ERROR;
				CLANG_WARN_EMPTY_BODY = YES;
				CLANG_WARN_ENUM_CONVERSION = YES;
				CLANG_WARN_INT_CONVERSION = YES;
				CLANG_WARN_OBJC_ROOT_CLASS = YES_ERROR;
				CLANG_WARN_UNREACHABLE_CODE = YES;
				CLANG_WARN__DUPLICATE_METHOD_MATCH = YES;
				"CODE_SIGN_IDENTITY[sdk=iphoneos*]" = "iPhone Developer";
				COPY_PHASE_STRIP = YES;
				ENABLE_NS_ASSERTIONS = NO;
				ENABLE_STRICT_OBJC_MSGSEND = YES;
				GCC_C_LANGUAGE_STANDARD = gnu99;
				GCC_WARN_64_TO_32_BIT_CONVERSION = YES;
				GCC_WARN_ABOUT_RETURN_TYPE = YES_ERROR;
				GCC_WARN_UNDECLARED_SELECTOR = YES;
				GCC_WARN_UNINITIALIZED_AUTOS = YES_AGGRESSIVE;
				GCC_WARN_UNUSED_FUNCTION = YES;
				GCC_WARN_UNUSED_VARIABLE = YES;
				IPHONEOS_DEPLOYMENT_TARGET = 8.0;
				MTL_ENABLE_DEBUG_INFO = NO;
				SDKROOT = iphoneos;
				VALIDATE_PRODUCT = YES;
			};
			name = Release;
		};
		029F1B9719D687450016FFB9 /* Debug */ = {
			isa = XCBuildConfiguration;
			buildSettings = {
				ASSETCATALOG_COMPILER_APPICON_NAME = AppIcon;
				CODE_SIGN_IDENTITY = "iPhone Developer";
				INFOPLIST_FILE = SlideToCount/Info.plist;
				IPHONEOS_DEPLOYMENT_TARGET = 7.1;
				LD_RUNPATH_SEARCH_PATHS = "$(inherited) @executable_path/Frameworks";
				PRODUCT_NAME = "$(TARGET_NAME)";
			};
			name = Debug;
		};
		029F1B9819D687450016FFB9 /* Release */ = {
			isa = XCBuildConfiguration;
			buildSettings = {
				ASSETCATALOG_COMPILER_APPICON_NAME = AppIcon;
				CODE_SIGN_IDENTITY = "iPhone Developer";
				INFOPLIST_FILE = SlideToCount/Info.plist;
				IPHONEOS_DEPLOYMENT_TARGET = 7.1;
				LD_RUNPATH_SEARCH_PATHS = "$(inherited) @executable_path/Frameworks";
				PRODUCT_NAME = "$(TARGET_NAME)";
			};
			name = Release;
		};
		029F1B9A19D687450016FFB9 /* Debug */ = {
			isa = XCBuildConfiguration;
			buildSettings = {
				BUNDLE_LOADER = "$(TEST_HOST)";
				FRAMEWORK_SEARCH_PATHS = (
					"$(SDKROOT)/Developer/Library/Frameworks",
					"$(inherited)",
				);
				GCC_PREPROCESSOR_DEFINITIONS = (
					"DEBUG=1",
					"$(inherited)",
				);
				INFOPLIST_FILE = SlideToCountTests/Info.plist;
				LD_RUNPATH_SEARCH_PATHS = "$(inherited) @executable_path/Frameworks @loader_path/Frameworks";
				PRODUCT_NAME = "$(TARGET_NAME)";
				TEST_HOST = "$(BUILT_PRODUCTS_DIR)/SlideToCount.app/SlideToCount";
			};
			name = Debug;
		};
		029F1B9B19D687450016FFB9 /* Release */ = {
			isa = XCBuildConfiguration;
			buildSettings = {
				BUNDLE_LOADER = "$(TEST_HOST)";
				FRAMEWORK_SEARCH_PATHS = (
					"$(SDKROOT)/Developer/Library/Frameworks",
					"$(inherited)",
				);
				INFOPLIST_FILE = SlideToCountTests/Info.plist;
				LD_RUNPATH_SEARCH_PATHS = "$(inherited) @executable_path/Frameworks @loader_path/Frameworks";
				PRODUCT_NAME = "$(TARGET_NAME)";
				TEST_HOST = "$(BUILT_PRODUCTS_DIR)/SlideToCount.app/SlideToCount";
			};
			name = Release;
		};
/* End XCBuildConfiguration section */

/* Begin XCConfigurationList section */
		029F1B7219D687450016FFB9 /* Build configuration list for PBXProject "SlideToCount" */ = {
			isa = XCConfigurationList;
			buildConfigurations = (
				029F1B9419D687450016FFB9 /* Debug */,
				029F1B9519D687450016FFB9 /* Release */,
			);
			defaultConfigurationIsVisible = 0;
			defaultConfigurationName = Release;
		};
		029F1B9619D687450016FFB9 /* Build configuration list for PBXNativeTarget "SlideToCount" */ = {
			isa = XCConfigurationList;
			buildConfigurations = (
				029F1B9719D687450016FFB9 /* Debug */,
				029F1B9819D687450016FFB9 /* Release */,
			);
			defaultConfigurationIsVisible = 0;
		};
		029F1B9919D687450016FFB9 /* Build configuration list for PBXNativeTarget "SlideToCountTests" */ = {
			isa = XCConfigurationList;
			buildConfigurations = (
				029F1B9A19D687450016FFB9 /* Debug */,
				029F1B9B19D687450016FFB9 /* Release */,
			);
			defaultConfigurationIsVisible = 0;
		};
/* End XCConfigurationList section */
	};
	rootObject = 029F1B6F19D687450016FFB9 /* Project object */;
}
